// !$*UTF8*$!
{
	archiveVersion = 1;
	classes = {
	};
	objectVersion = 60;
	objects = {

/* Begin PBXBuildFile section */
		37E776972C2CF5240029C54E /* About_MeApp.swift in Sources */ = {isa = PBXBuildFile; fileRef = 37E776962C2CF5240029C54E /* About_MeApp.swift */; };
		37E776992C2CF5240029C54E /* ContentView.swift in Sources */ = {isa = PBXBuildFile; fileRef = 37E776982C2CF5240029C54E /* ContentView.swift */; };
		37E7769B2C2CF5250029C54E /* Assets.xcassets in Resources */ = {isa = PBXBuildFile; fileRef = 37E7769A2C2CF5250029C54E /* Assets.xcassets */; };
		37E7769F2C2CF5250029C54E /* Preview Assets.xcassets in Resources */ = {isa = PBXBuildFile; fileRef = 37E7769E2C2CF5250029C54E /* Preview Assets.xcassets */; };
		37E776A92C2CF5250029C54E /* About_MeTests.swift in Sources */ = {isa = PBXBuildFile; fileRef = 37E776A82C2CF5250029C54E /* About_MeTests.swift */; };
		37E776B32C2CF5250029C54E /* About_MeUITests.swift in Sources */ = {isa = PBXBuildFile; fileRef = 37E776B22C2CF5250029C54E /* About_MeUITests.swift */; };
		37E776B52C2CF5250029C54E /* About_MeUITestsLaunchTests.swift in Sources */ = {isa = PBXBuildFile; fileRef = 37E776B42C2CF5250029C54E /* About_MeUITestsLaunchTests.swift */; };
/* End PBXBuildFile section */

/* Begin PBXContainerItemProxy section */
		37E776A52C2CF5250029C54E /* PBXContainerItemProxy */ = {
			isa = PBXContainerItemProxy;
			containerPortal = 37E7768B2C2CF5240029C54E /* Project object */;
			proxyType = 1;
			remoteGlobalIDString = 37E776922C2CF5240029C54E;
			remoteInfo = "About Me";
		};
		37E776AF2C2CF5250029C54E /* PBXContainerItemProxy */ = {
			isa = PBXContainerItemProxy;
			containerPortal = 37E7768B2C2CF5240029C54E /* Project object */;
			proxyType = 1;
			remoteGlobalIDString = 37E776922C2CF5240029C54E;
			remoteInfo = "About Me";
		};
/* End PBXContainerItemProxy section */

/* Begin PBXFileReference section */
		37E776932C2CF5240029C54E /* About Me.app */ = {isa = PBXFileReference; explicitFileType = wrapper.application; includeInIndex = 0; path = "About Me.app"; sourceTree = BUILT_PRODUCTS_DIR; };
		37E776962C2CF5240029C54E /* About_MeApp.swift */ = {isa = PBXFileReference; lastKnownFileType = sourcecode.swift; path = About_MeApp.swift; sourceTree = "<group>"; };
		37E776982C2CF5240029C54E /* ContentView.swift */ = {isa = PBXFileReference; lastKnownFileType = sourcecode.swift; path = ContentView.swift; sourceTree = "<group>"; };
		37E7769A2C2CF5250029C54E /* Assets.xcassets */ = {isa = PBXFileReference; lastKnownFileType = folder.assetcatalog; path = Assets.xcassets; sourceTree = "<group>"; };
		37E7769C2C2CF5250029C54E /* About_Me.entitlements */ = {isa = PBXFileReference; lastKnownFileType = text.plist.entitlements; path = About_Me.entitlements; sourceTree = "<group>"; };
		37E7769E2C2CF5250029C54E /* Preview Assets.xcassets */ = {isa = PBXFileReference; lastKnownFileType = folder.assetcatalog; path = "Preview Assets.xcassets"; sourceTree = "<group>"; };
		37E776A42C2CF5250029C54E /* About MeTests.xctest */ = {isa = PBXFileReference; explicitFileType = wrapper.cfbundle; includeInIndex = 0; path = "About MeTests.xctest"; sourceTree = BUILT_PRODUCTS_DIR; };
		37E776A82C2CF5250029C54E /* About_MeTests.swift */ = {isa = PBXFileReference; lastKnownFileType = sourcecode.swift; path = About_MeTests.swift; sourceTree = "<group>"; };
		37E776AE2C2CF5250029C54E /* About MeUITests.xctest */ = {isa = PBXFileReference; explicitFileType = wrapper.cfbundle; includeInIndex = 0; path = "About MeUITests.xctest"; sourceTree = BUILT_PRODUCTS_DIR; };
		37E776B22C2CF5250029C54E /* About_MeUITests.swift */ = {isa = PBXFileReference; lastKnownFileType = sourcecode.swift; path = About_MeUITests.swift; sourceTree = "<group>"; };
		37E776B42C2CF5250029C54E /* About_MeUITestsLaunchTests.swift */ = {isa = PBXFileReference; lastKnownFileType = sourcecode.swift; path = About_MeUITestsLaunchTests.swift; sourceTree = "<group>"; };
/* End PBXFileReference section */

/* Begin PBXFrameworksBuildPhase section */
		37E776902C2CF5240029C54E /* Frameworks */ = {
			isa = PBXFrameworksBuildPhase;
			buildActionMask = 2147483647;
			files = (
			);
			runOnlyForDeploymentPostprocessing = 0;
		};
		37E776A12C2CF5250029C54E /* Frameworks */ = {
			isa = PBXFrameworksBuildPhase;
			buildActionMask = 2147483647;
			files = (
			);
			runOnlyForDeploymentPostprocessing = 0;
		};
		37E776AB2C2CF5250029C54E /* Frameworks */ = {
			isa = PBXFrameworksBuildPhase;
			buildActionMask = 2147483647;
			files = (
			);
			runOnlyForDeploymentPostprocessing = 0;
		};
/* End PBXFrameworksBuildPhase section */

/* Begin PBXGroup section */
		37E7768A2C2CF5240029C54E = {
			isa = PBXGroup;
			children = (
				37E776952C2CF5240029C54E /* About Me */,
				37E776A72C2CF5250029C54E /* About MeTests */,
				37E776B12C2CF5250029C54E /* About MeUITests */,
				37E776942C2CF5240029C54E /* Products */,
			);
			sourceTree = "<group>";
		};
		37E776942C2CF5240029C54E /* Products */ = {
			isa = PBXGroup;
			children = (
				37E776932C2CF5240029C54E /* About Me.app */,
				37E776A42C2CF5250029C54E /* About MeTests.xctest */,
				37E776AE2C2CF5250029C54E /* About MeUITests.xctest */,
			);
			name = Products;
			sourceTree = "<group>";
		};
		37E776952C2CF5240029C54E /* About Me */ = {
			isa = PBXGroup;
			children = (
				37E776962C2CF5240029C54E /* About_MeApp.swift */,
				37E776982C2CF5240029C54E /* ContentView.swift */,
				37E7769A2C2CF5250029C54E /* Assets.xcassets */,
				37E7769C2C2CF5250029C54E /* About_Me.entitlements */,
				37E7769D2C2CF5250029C54E /* Preview Content */,
			);
			path = "About Me";
			sourceTree = "<group>";
		};
		37E7769D2C2CF5250029C54E /* Preview Content */ = {
			isa = PBXGroup;
			children = (
				37E7769E2C2CF5250029C54E /* Preview Assets.xcassets */,
			);
			path = "Preview Content";
			sourceTree = "<group>";
		};
		37E776A72C2CF5250029C54E /* About MeTests */ = {
			isa = PBXGroup;
			children = (
				37E776A82C2CF5250029C54E /* About_MeTests.swift */,
			);
			path = "About MeTests";
			sourceTree = "<group>";
		};
		37E776B12C2CF5250029C54E /* About MeUITests */ = {
			isa = PBXGroup;
			children = (
				37E776B22C2CF5250029C54E /* About_MeUITests.swift */,
				37E776B42C2CF5250029C54E /* About_MeUITestsLaunchTests.swift */,
			);
			path = "About MeUITests";
			sourceTree = "<group>";
		};
/* End PBXGroup section */

/* Begin PBXNativeTarget section */
		37E776922C2CF5240029C54E /* About Me */ = {
			isa = PBXNativeTarget;
			buildConfigurationList = 37E776B82C2CF5250029C54E /* Build configuration list for PBXNativeTarget "About Me" */;
			buildPhases = (
				37E7768F2C2CF5240029C54E /* Sources */,
				37E776902C2CF5240029C54E /* Frameworks */,
				37E776912C2CF5240029C54E /* Resources */,
			);
			buildRules = (
			);
			dependencies = (
			);
			name = "About Me";
			productName = "About Me";
			productReference = 37E776932C2CF5240029C54E /* About Me.app */;
			productType = "com.apple.product-type.application";
		};
		37E776A32C2CF5250029C54E /* About MeTests */ = {
			isa = PBXNativeTarget;
			buildConfigurationList = 37E776BB2C2CF5250029C54E /* Build configuration list for PBXNativeTarget "About MeTests" */;
			buildPhases = (
				37E776A02C2CF5250029C54E /* Sources */,
				37E776A12C2CF5250029C54E /* Frameworks */,
				37E776A22C2CF5250029C54E /* Resources */,
			);
			buildRules = (
			);
			dependencies = (
				37E776A62C2CF5250029C54E /* PBXTargetDependency */,
			);
			name = "About MeTests";
			productName = "About MeTests";
			productReference = 37E776A42C2CF5250029C54E /* About MeTests.xctest */;
			productType = "com.apple.product-type.bundle.unit-test";
		};
		37E776AD2C2CF5250029C54E /* About MeUITests */ = {
			isa = PBXNativeTarget;
			buildConfigurationList = 37E776BE2C2CF5250029C54E /* Build configuration list for PBXNativeTarget "About MeUITests" */;
			buildPhases = (
				37E776AA2C2CF5250029C54E /* Sources */,
				37E776AB2C2CF5250029C54E /* Frameworks */,
				37E776AC2C2CF5250029C54E /* Resources */,
			);
			buildRules = (
			);
			dependencies = (
				37E776B02C2CF5250029C54E /* PBXTargetDependency */,
			);
			name = "About MeUITests";
			productName = "About MeUITests";
			productReference = 37E776AE2C2CF5250029C54E /* About MeUITests.xctest */;
			productType = "com.apple.product-type.bundle.ui-testing";
		};
/* End PBXNativeTarget section */

/* Begin PBXProject section */
		37E7768B2C2CF5240029C54E /* Project object */ = {
			isa = PBXProject;
			attributes = {
				BuildIndependentTargetsInParallel = 1;
				LastSwiftUpdateCheck = 1600;
				LastUpgradeCheck = 1600;
				TargetAttributes = {
					37E776922C2CF5240029C54E = {
						CreatedOnToolsVersion = 16.0;
					};
					37E776A32C2CF5250029C54E = {
						CreatedOnToolsVersion = 16.0;
						TestTargetID = 37E776922C2CF5240029C54E;
					};
					37E776AD2C2CF5250029C54E = {
						CreatedOnToolsVersion = 16.0;
						TestTargetID = 37E776922C2CF5240029C54E;
					};
				};
			};
			buildConfigurationList = 37E7768E2C2CF5240029C54E /* Build configuration list for PBXProject "About Me" */;
			compatibilityVersion = "Xcode 15.0";
			developmentRegion = en;
			hasScannedForEncodings = 0;
			knownRegions = (
				en,
				Base,
			);
			mainGroup = 37E7768A2C2CF5240029C54E;
			productRefGroup = 37E776942C2CF5240029C54E /* Products */;
			projectDirPath = "";
			projectRoot = "";
			targets = (
				37E776922C2CF5240029C54E /* About Me */,
				37E776A32C2CF5250029C54E /* About MeTests */,
				37E776AD2C2CF5250029C54E /* About MeUITests */,
			);
		};
/* End PBXProject section */

/* Begin PBXResourcesBuildPhase section */
		37E776912C2CF5240029C54E /* Resources */ = {
			isa = PBXResourcesBuildPhase;
			buildActionMask = 2147483647;
			files = (
				37E7769F2C2CF5250029C54E /* Preview Assets.xcassets in Resources */,
				37E7769B2C2CF5250029C54E /* Assets.xcassets in Resources */,
			);
			runOnlyForDeploymentPostprocessing = 0;
		};
		37E776A22C2CF5250029C54E /* Resources */ = {
			isa = PBXResourcesBuildPhase;
			buildActionMask = 2147483647;
			files = (
			);
			runOnlyForDeploymentPostprocessing = 0;
		};
		37E776AC2C2CF5250029C54E /* Resources */ = {
			isa = PBXResourcesBuildPhase;
			buildActionMask = 2147483647;
			files = (
			);
			runOnlyForDeploymentPostprocessing = 0;
		};
/* End PBXResourcesBuildPhase section */

/* Begin PBXSourcesBuildPhase section */
		37E7768F2C2CF5240029C54E /* Sources */ = {
			isa = PBXSourcesBuildPhase;
			buildActionMask = 2147483647;
			files = (
				37E776992C2CF5240029C54E /* ContentView.swift in Sources */,
				37E776972C2CF5240029C54E /* About_MeApp.swift in Sources */,
			);
			runOnlyForDeploymentPostprocessing = 0;
		};
		37E776A02C2CF5250029C54E /* Sources */ = {
			isa = PBXSourcesBuildPhase;
			buildActionMask = 2147483647;
			files = (
				37E776A92C2CF5250029C54E /* About_MeTests.swift in Sources */,
			);
			runOnlyForDeploymentPostprocessing = 0;
		};
		37E776AA2C2CF5250029C54E /* Sources */ = {
			isa = PBXSourcesBuildPhase;
			buildActionMask = 2147483647;
			files = (
				37E776B52C2CF5250029C54E /* About_MeUITestsLaunchTests.swift in Sources */,
				37E776B32C2CF5250029C54E /* About_MeUITests.swift in Sources */,
			);
			runOnlyForDeploymentPostprocessing = 0;
		};
/* End PBXSourcesBuildPhase section */

/* Begin PBXTargetDependency section */
		37E776A62C2CF5250029C54E /* PBXTargetDependency */ = {
			isa = PBXTargetDependency;
			target = 37E776922C2CF5240029C54E /* About Me */;
			targetProxy = 37E776A52C2CF5250029C54E /* PBXContainerItemProxy */;
		};
		37E776B02C2CF5250029C54E /* PBXTargetDependency */ = {
			isa = PBXTargetDependency;
			target = 37E776922C2CF5240029C54E /* About Me */;
			targetProxy = 37E776AF2C2CF5250029C54E /* PBXContainerItemProxy */;
		};
/* End PBXTargetDependency section */

/* Begin XCBuildConfiguration section */
		37E776B62C2CF5250029C54E /* Debug */ = {
			isa = XCBuildConfiguration;
			buildSettings = {
				ALWAYS_SEARCH_USER_PATHS = NO;
				ASSETCATALOG_COMPILER_GENERATE_SWIFT_ASSET_SYMBOL_EXTENSIONS = YES;
				CLANG_ANALYZER_NONNULL = YES;
				CLANG_ANALYZER_NUMBER_OBJECT_CONVERSION = YES_AGGRESSIVE;
				CLANG_CXX_LANGUAGE_STANDARD = "gnu++20";
				CLANG_ENABLE_MODULES = YES;
				CLANG_ENABLE_OBJC_ARC = YES;
				CLANG_ENABLE_OBJC_WEAK = YES;
				CLANG_WARN_BLOCK_CAPTURE_AUTORELEASING = YES;
				CLANG_WARN_BOOL_CONVERSION = YES;
				CLANG_WARN_COMMA = YES;
				CLANG_WARN_CONSTANT_CONVERSION = YES;
				CLANG_WARN_DEPRECATED_OBJC_IMPLEMENTATIONS = YES;
				CLANG_WARN_DIRECT_OBJC_ISA_USAGE = YES_ERROR;
				CLANG_WARN_DOCUMENTATION_COMMENTS = YES;
				CLANG_WARN_EMPTY_BODY = YES;
				CLANG_WARN_ENUM_CONVERSION = YES;
				CLANG_WARN_INFINITE_RECURSION = YES;
				CLANG_WARN_INT_CONVERSION = YES;
				CLANG_WARN_NON_LITERAL_NULL_CONVERSION = YES;
				CLANG_WARN_OBJC_IMPLICIT_RETAIN_SELF = YES;
				CLANG_WARN_OBJC_LITERAL_CONVERSION = YES;
				CLANG_WARN_OBJC_ROOT_CLASS = YES_ERROR;
				CLANG_WARN_QUOTED_INCLUDE_IN_FRAMEWORK_HEADER = YES;
				CLANG_WARN_RANGE_LOOP_ANALYSIS = YES;
				CLANG_WARN_STRICT_PROTOTYPES = YES;
				CLANG_WARN_SUSPICIOUS_MOVE = YES;
				CLANG_WARN_UNGUARDED_AVAILABILITY = YES_AGGRESSIVE;
				CLANG_WARN_UNREACHABLE_CODE = YES;
				CLANG_WARN__DUPLICATE_METHOD_MATCH = YES;
				COPY_PHASE_STRIP = NO;
				DEBUG_INFORMATION_FORMAT = dwarf;
				ENABLE_STRICT_OBJC_MSGSEND = YES;
				ENABLE_TESTABILITY = YES;
				ENABLE_USER_SCRIPT_SANDBOXING = YES;
				GCC_C_LANGUAGE_STANDARD = gnu17;
				GCC_DYNAMIC_NO_PIC = NO;
				GCC_NO_COMMON_BLOCKS = YES;
				GCC_OPTIMIZATION_LEVEL = 0;
				GCC_PREPROCESSOR_DEFINITIONS = (
					"DEBUG=1",
					"$(inherited)",
				);
				GCC_WARN_64_TO_32_BIT_CONVERSION = YES;
				GCC_WARN_ABOUT_RETURN_TYPE = YES_ERROR;
				GCC_WARN_UNDECLARED_SELECTOR = YES;
				GCC_WARN_UNINITIALIZED_AUTOS = YES_AGGRESSIVE;
				GCC_WARN_UNUSED_FUNCTION = YES;
				GCC_WARN_UNUSED_VARIABLE = YES;
				LOCALIZATION_PREFERS_STRING_CATALOGS = YES;
				MTL_ENABLE_DEBUG_INFO = INCLUDE_SOURCE;
				MTL_FAST_MATH = YES;
				ONLY_ACTIVE_ARCH = YES;
				SWIFT_ACTIVE_COMPILATION_CONDITIONS = "DEBUG $(inherited)";
				SWIFT_OPTIMIZATION_LEVEL = "-Onone";
			};
			name = Debug;
		};
		37E776B72C2CF5250029C54E /* Release */ = {
			isa = XCBuildConfiguration;
			buildSettings = {
				ALWAYS_SEARCH_USER_PATHS = NO;
				ASSETCATALOG_COMPILER_GENERATE_SWIFT_ASSET_SYMBOL_EXTENSIONS = YES;
				CLANG_ANALYZER_NONNULL = YES;
				CLANG_ANALYZER_NUMBER_OBJECT_CONVERSION = YES_AGGRESSIVE;
				CLANG_CXX_LANGUAGE_STANDARD = "gnu++20";
				CLANG_ENABLE_MODULES = YES;
				CLANG_ENABLE_OBJC_ARC = YES;
				CLANG_ENABLE_OBJC_WEAK = YES;
				CLANG_WARN_BLOCK_CAPTURE_AUTORELEASING = YES;
				CLANG_WARN_BOOL_CONVERSION = YES;
				CLANG_WARN_COMMA = YES;
				CLANG_WARN_CONSTANT_CONVERSION = YES;
				CLANG_WARN_DEPRECATED_OBJC_IMPLEMENTATIONS = YES;
				CLANG_WARN_DIRECT_OBJC_ISA_USAGE = YES_ERROR;
				CLANG_WARN_DOCUMENTATION_COMMENTS = YES;
				CLANG_WARN_EMPTY_BODY = YES;
				CLANG_WARN_ENUM_CONVERSION = YES;
				CLANG_WARN_INFINITE_RECURSION = YES;
				CLANG_WARN_INT_CONVERSION = YES;
				CLANG_WARN_NON_LITERAL_NULL_CONVERSION = YES;
				CLANG_WARN_OBJC_IMPLICIT_RETAIN_SELF = YES;
				CLANG_WARN_OBJC_LITERAL_CONVERSION = YES;
				CLANG_WARN_OBJC_ROOT_CLASS = YES_ERROR;
				CLANG_WARN_QUOTED_INCLUDE_IN_FRAMEWORK_HEADER = YES;
				CLANG_WARN_RANGE_LOOP_ANALYSIS = YES;
				CLANG_WARN_STRICT_PROTOTYPES = YES;
				CLANG_WARN_SUSPICIOUS_MOVE = YES;
				CLANG_WARN_UNGUARDED_AVAILABILITY = YES_AGGRESSIVE;
				CLANG_WARN_UNREACHABLE_CODE = YES;
				CLANG_WARN__DUPLICATE_METHOD_MATCH = YES;
				COPY_PHASE_STRIP = NO;
				DEBUG_INFORMATION_FORMAT = "dwarf-with-dsym";
				ENABLE_NS_ASSERTIONS = NO;
				ENABLE_STRICT_OBJC_MSGSEND = YES;
				ENABLE_USER_SCRIPT_SANDBOXING = YES;
				GCC_C_LANGUAGE_STANDARD = gnu17;
				GCC_NO_COMMON_BLOCKS = YES;
				GCC_WARN_64_TO_32_BIT_CONVERSION = YES;
				GCC_WARN_ABOUT_RETURN_TYPE = YES_ERROR;
				GCC_WARN_UNDECLARED_SELECTOR = YES;
				GCC_WARN_UNINITIALIZED_AUTOS = YES_AGGRESSIVE;
				GCC_WARN_UNUSED_FUNCTION = YES;
				GCC_WARN_UNUSED_VARIABLE = YES;
				LOCALIZATION_PREFERS_STRING_CATALOGS = YES;
				MTL_ENABLE_DEBUG_INFO = NO;
				MTL_FAST_MATH = YES;
				SWIFT_COMPILATION_MODE = wholemodule;
			};
			name = Release;
		};
		37E776B92C2CF5250029C54E /* Debug */ = {
			isa = XCBuildConfiguration;
			buildSettings = {
				ASSETCATALOG_COMPILER_APPICON_NAME = AppIcon;
				ASSETCATALOG_COMPILER_GLOBAL_ACCENT_COLOR_NAME = AccentColor;
				CODE_SIGN_ENTITLEMENTS = "About Me/About_Me.entitlements";
				CODE_SIGN_STYLE = Automatic;
				CURRENT_PROJECT_VERSION = 1;
				DEVELOPMENT_ASSET_PATHS = "\"About Me/Preview Content\"";
				DEVELOPMENT_TEAM = SY2QD2TBWD;
				ENABLE_HARDENED_RUNTIME = YES;
				ENABLE_PREVIEWS = YES;
				GENERATE_INFOPLIST_FILE = YES;
				"INFOPLIST_KEY_UIApplicationSceneManifest_Generation[sdk=iphoneos*]" = YES;
				"INFOPLIST_KEY_UIApplicationSceneManifest_Generation[sdk=iphonesimulator*]" = YES;
				"INFOPLIST_KEY_UIApplicationSupportsIndirectInputEvents[sdk=iphoneos*]" = YES;
				"INFOPLIST_KEY_UIApplicationSupportsIndirectInputEvents[sdk=iphonesimulator*]" = YES;
				"INFOPLIST_KEY_UILaunchScreen_Generation[sdk=iphoneos*]" = YES;
				"INFOPLIST_KEY_UILaunchScreen_Generation[sdk=iphonesimulator*]" = YES;
				"INFOPLIST_KEY_UIStatusBarStyle[sdk=iphoneos*]" = UIStatusBarStyleDefault;
				"INFOPLIST_KEY_UIStatusBarStyle[sdk=iphonesimulator*]" = UIStatusBarStyleDefault;
				INFOPLIST_KEY_UISupportedInterfaceOrientations_iPad = "UIInterfaceOrientationPortrait UIInterfaceOrientationPortraitUpsideDown UIInterfaceOrientationLandscapeLeft UIInterfaceOrientationLandscapeRight";
				INFOPLIST_KEY_UISupportedInterfaceOrientations_iPhone = "UIInterfaceOrientationPortrait UIInterfaceOrientationLandscapeLeft UIInterfaceOrientationLandscapeRight";
				IPHONEOS_DEPLOYMENT_TARGET = 18.0;
				LD_RUNPATH_SEARCH_PATHS = "@executable_path/Frameworks";
				"LD_RUNPATH_SEARCH_PATHS[sdk=macosx*]" = "@executable_path/../Frameworks";
				MACOSX_DEPLOYMENT_TARGET = 14.5;
				MARKETING_VERSION = 1.0;
				PRODUCT_BUNDLE_IDENTIFIER = "com.nicolasbracigliano.About-Me";
				PRODUCT_NAME = "$(TARGET_NAME)";
				SDKROOT = auto;
				SUPPORTED_PLATFORMS = "iphoneos iphonesimulator macosx xros xrsimulator";
				SWIFT_EMIT_LOC_STRINGS = YES;
				SWIFT_VERSION = 5.0;
				TARGETED_DEVICE_FAMILY = "1,2,7";
				XROS_DEPLOYMENT_TARGET = 2.0;
			};
			name = Debug;
		};
		37E776BA2C2CF5250029C54E /* Release */ = {
			isa = XCBuildConfiguration;
			buildSettings = {
				ASSETCATALOG_COMPILER_APPICON_NAME = AppIcon;
				ASSETCATALOG_COMPILER_GLOBAL_ACCENT_COLOR_NAME = AccentColor;
				CODE_SIGN_ENTITLEMENTS = "About Me/About_Me.entitlements";
				CODE_SIGN_STYLE = Automatic;
				CURRENT_PROJECT_VERSION = 1;
				DEVELOPMENT_ASSET_PATHS = "\"About Me/Preview Content\"";
				DEVELOPMENT_TEAM = SY2QD2TBWD;
				ENABLE_HARDENED_RUNTIME = YES;
				ENABLE_PREVIEWS = YES;
				GENERATE_INFOPLIST_FILE = YES;
				"INFOPLIST_KEY_UIApplicationSceneManifest_Generation[sdk=iphoneos*]" = YES;
				"INFOPLIST_KEY_UIApplicationSceneManifest_Generation[sdk=iphonesimulator*]" = YES;
				"INFOPLIST_KEY_UIApplicationSupportsIndirectInputEvents[sdk=iphoneos*]" = YES;
				"INFOPLIST_KEY_UIApplicationSupportsIndirectInputEvents[sdk=iphonesimulator*]" = YES;
				"INFOPLIST_KEY_UILaunchScreen_Generation[sdk=iphoneos*]" = YES;
				"INFOPLIST_KEY_UILaunchScreen_Generation[sdk=iphonesimulator*]" = YES;
				"INFOPLIST_KEY_UIStatusBarStyle[sdk=iphoneos*]" = UIStatusBarStyleDefault;
				"INFOPLIST_KEY_UIStatusBarStyle[sdk=iphonesimulator*]" = UIStatusBarStyleDefault;
				INFOPLIST_KEY_UISupportedInterfaceOrientations_iPad = "UIInterfaceOrientationPortrait UIInterfaceOrientationPortraitUpsideDown UIInterfaceOrientationLandscapeLeft UIInterfaceOrientationLandscapeRight";
				INFOPLIST_KEY_UISupportedInterfaceOrientations_iPhone = "UIInterfaceOrientationPortrait UIInterfaceOrientationLandscapeLeft UIInterfaceOrientationLandscapeRight";
				IPHONEOS_DEPLOYMENT_TARGET = 18.0;
				LD_RUNPATH_SEARCH_PATHS = "@executable_path/Frameworks";
				"LD_RUNPATH_SEARCH_PATHS[sdk=macosx*]" = "@executable_path/../Frameworks";
				MACOSX_DEPLOYMENT_TARGET = 14.5;
				MARKETING_VERSION = 1.0;
				PRODUCT_BUNDLE_IDENTIFIER = "com.nicolasbracigliano.About-Me";
				PRODUCT_NAME = "$(TARGET_NAME)";
				SDKROOT = auto;
				SUPPORTED_PLATFORMS = "iphoneos iphonesimulator macosx xros xrsimulator";
				SWIFT_EMIT_LOC_STRINGS = YES;
				SWIFT_VERSION = 5.0;
				TARGETED_DEVICE_FAMILY = "1,2,7";
				XROS_DEPLOYMENT_TARGET = 2.0;
			};
			name = Release;
		};
		37E776BC2C2CF5250029C54E /* Debug */ = {
			isa = XCBuildConfiguration;
			buildSettings = {
				BUNDLE_LOADER = "$(TEST_HOST)";
				CODE_SIGN_STYLE = Automatic;
				CURRENT_PROJECT_VERSION = 1;
				DEVELOPMENT_TEAM = SY2QD2TBWD;
				GENERATE_INFOPLIST_FILE = YES;
				IPHONEOS_DEPLOYMENT_TARGET = 18.0;
				MACOSX_DEPLOYMENT_TARGET = 14.5;
				MARKETING_VERSION = 1.0;
				PRODUCT_BUNDLE_IDENTIFIER = "com.nicolasbracigliano.About-MeTests";
				PRODUCT_NAME = "$(TARGET_NAME)";
				SDKROOT = auto;
				SUPPORTED_PLATFORMS = "iphoneos iphonesimulator macosx xros xrsimulator";
				SWIFT_EMIT_LOC_STRINGS = NO;
				SWIFT_VERSION = 5.0;
				TARGETED_DEVICE_FAMILY = "1,2,7";
				TEST_HOST = "$(BUILT_PRODUCTS_DIR)/About Me.app/$(BUNDLE_EXECUTABLE_FOLDER_PATH)/About Me";
				XROS_DEPLOYMENT_TARGET = 2.0;
			};
			name = Debug;
		};
		37E776BD2C2CF5250029C54E /* Release */ = {
			isa = XCBuildConfiguration;
			buildSettings = {
				BUNDLE_LOADER = "$(TEST_HOST)";
				CODE_SIGN_STYLE = Automatic;
				CURRENT_PROJECT_VERSION = 1;
				DEVELOPMENT_TEAM = SY2QD2TBWD;
				GENERATE_INFOPLIST_FILE = YES;
				IPHONEOS_DEPLOYMENT_TARGET = 18.0;
				MACOSX_DEPLOYMENT_TARGET = 14.5;
				MARKETING_VERSION = 1.0;
				PRODUCT_BUNDLE_IDENTIFIER = "com.nicolasbracigliano.About-MeTests";
				PRODUCT_NAME = "$(TARGET_NAME)";
				SDKROOT = auto;
				SUPPORTED_PLATFORMS = "iphoneos iphonesimulator macosx xros xrsimulator";
				SWIFT_EMIT_LOC_STRINGS = NO;
				SWIFT_VERSION = 5.0;
				TARGETED_DEVICE_FAMILY = "1,2,7";
				TEST_HOST = "$(BUILT_PRODUCTS_DIR)/About Me.app/$(BUNDLE_EXECUTABLE_FOLDER_PATH)/About Me";
				XROS_DEPLOYMENT_TARGET = 2.0;
			};
			name = Release;
		};
		37E776BF2C2CF5250029C54E /* Debug */ = {
			isa = XCBuildConfiguration;
			buildSettings = {
				CODE_SIGN_STYLE = Automatic;
				CURRENT_PROJECT_VERSION = 1;
				DEVELOPMENT_TEAM = SY2QD2TBWD;
				GENERATE_INFOPLIST_FILE = YES;
				IPHONEOS_DEPLOYMENT_TARGET = 18.0;
				MACOSX_DEPLOYMENT_TARGET = 14.5;
				MARKETING_VERSION = 1.0;
				PRODUCT_BUNDLE_IDENTIFIER = "com.nicolasbracigliano.About-MeUITests";
				PRODUCT_NAME = "$(TARGET_NAME)";
				SDKROOT = auto;
				SUPPORTED_PLATFORMS = "iphoneos iphonesimulator macosx xros xrsimulator";
				SWIFT_EMIT_LOC_STRINGS = NO;
				SWIFT_VERSION = 5.0;
				TARGETED_DEVICE_FAMILY = "1,2,7";
				TEST_TARGET_NAME = "About Me";
				XROS_DEPLOYMENT_TARGET = 2.0;
			};
			name = Debug;
		};
		37E776C02C2CF5250029C54E /* Release */ = {
			isa = XCBuildConfiguration;
			buildSettings = {
				CODE_SIGN_STYLE = Automatic;
				CURRENT_PROJECT_VERSION = 1;
				DEVELOPMENT_TEAM = SY2QD2TBWD;
				GENERATE_INFOPLIST_FILE = YES;
				IPHONEOS_DEPLOYMENT_TARGET = 18.0;
				MACOSX_DEPLOYMENT_TARGET = 14.5;
				MARKETING_VERSION = 1.0;
				PRODUCT_BUNDLE_IDENTIFIER = "com.nicolasbracigliano.About-MeUITests";
				PRODUCT_NAME = "$(TARGET_NAME)";
				SDKROOT = auto;
				SUPPORTED_PLATFORMS = "iphoneos iphonesimulator macosx xros xrsimulator";
				SWIFT_EMIT_LOC_STRINGS = NO;
				SWIFT_VERSION = 5.0;
				TARGETED_DEVICE_FAMILY = "1,2,7";
				TEST_TARGET_NAME = "About Me";
				XROS_DEPLOYMENT_TARGET = 2.0;
			};
			name = Release;
		};
/* End XCBuildConfiguration section */

/* Begin XCConfigurationList section */
		37E7768E2C2CF5240029C54E /* Build configuration list for PBXProject "About Me" */ = {
			isa = XCConfigurationList;
			buildConfigurations = (
				37E776B62C2CF5250029C54E /* Debug */,
				37E776B72C2CF5250029C54E /* Release */,
			);
			defaultConfigurationIsVisible = 0;
			defaultConfigurationName = Release;
		};
		37E776B82C2CF5250029C54E /* Build configuration list for PBXNativeTarget "About Me" */ = {
			isa = XCConfigurationList;
			buildConfigurations = (
				37E776B92C2CF5250029C54E /* Debug */,
				37E776BA2C2CF5250029C54E /* Release */,
			);
			defaultConfigurationIsVisible = 0;
			defaultConfigurationName = Release;
		};
		37E776BB2C2CF5250029C54E /* Build configuration list for PBXNativeTarget "About MeTests" */ = {
			isa = XCConfigurationList;
			buildConfigurations = (
				37E776BC2C2CF5250029C54E /* Debug */,
				37E776BD2C2CF5250029C54E /* Release */,
			);
			defaultConfigurationIsVisible = 0;
			defaultConfigurationName = Release;
		};
		37E776BE2C2CF5250029C54E /* Build configuration list for PBXNativeTarget "About MeUITests" */ = {
			isa = XCConfigurationList;
			buildConfigurations = (
				37E776BF2C2CF5250029C54E /* Debug */,
				37E776C02C2CF5250029C54E /* Release */,
			);
			defaultConfigurationIsVisible = 0;
			defaultConfigurationName = Release;
		};
/* End XCConfigurationList section */
	};
	rootObject = 37E7768B2C2CF5240029C54E /* Project object */;
}
